
Microsoft Visual Studio Solution File, Format Version 12.00
# Visual Studio 14
VisualStudioVersion = 14.0.25123.0
MinimumVisualStudioVersion = 10.0.40219.1
Project("{FAE04EC0-301F-11D3-BF4B-00C04F79EFBC}") = "app_pesquisa_analise.Droid", "app_pesquisa_analise\app_pesquisa_analise.Droid\app_pesquisa_analise.Droid.csproj", "{3D9FF08F-273A-43B5-A683-4D4C4A703319}"
EndProject
Project("{FAE04EC0-301F-11D3-BF4B-00C04F79EFBC}") = "app_pesquisa_analise.iOS", "app_pesquisa_analise\app_pesquisa_analise.iOS\app_pesquisa_analise.iOS.csproj", "{30373E88-DFB3-42BB-BE6A-AFCD9EF4434C}"
EndProject
Project("{FAE04EC0-301F-11D3-BF4B-00C04F79EFBC}") = "app_pesquisa_analise.WinPhone", "app_pesquisa_analise\app_pesquisa_analise.WinPhone\app_pesquisa_analise.WinPhone.csproj", "{74478022-0954-463E-B116-EF5C4363D8E9}"
EndProject
Project("{FAE04EC0-301F-11D3-BF4B-00C04F79EFBC}") = "app_pesquisa_analise.UWP", "app_pesquisa_analise\app_pesquisa_analise.UWP\app_pesquisa_analise.UWP.csproj", "{97C40EBF-CFE6-498B-A207-292491239993}"
EndProject
Project("{FAE04EC0-301F-11D3-BF4B-00C04F79EFBC}") = "app_pesquisa_analise.Windows", "app_pesquisa_analise\app_pesquisa_analise.Windows\app_pesquisa_analise.Windows.csproj", "{CFB37B09-9F2A-41C0-9902-E4291AF4B2A5}"
EndProject
Project("{FAE04EC0-301F-11D3-BF4B-00C04F79EFBC}") = "app_pesquisa_analise", "app_pesquisa_analise\app_pesquisa_analise\app_pesquisa_analise.csproj", "{53D18D8D-9447-45C9-886D-B1E45CC925C5}"
EndProject
Global
	GlobalSection(SolutionConfigurationPlatforms) = preSolution
		Ad-Hoc|Any CPU = Ad-Hoc|Any CPU
		Ad-Hoc|ARM = Ad-Hoc|ARM
		Ad-Hoc|iPhone = Ad-Hoc|iPhone
		Ad-Hoc|iPhoneSimulator = Ad-Hoc|iPhoneSimulator
		Ad-Hoc|x64 = Ad-Hoc|x64
		Ad-Hoc|x86 = Ad-Hoc|x86
		AppStore|Any CPU = AppStore|Any CPU
		AppStore|ARM = AppStore|ARM
		AppStore|iPhone = AppStore|iPhone
		AppStore|iPhoneSimulator = AppStore|iPhoneSimulator
		AppStore|x64 = AppStore|x64
		AppStore|x86 = AppStore|x86
		Debug|Any CPU = Debug|Any CPU
		Debug|ARM = Debug|ARM
		Debug|iPhone = Debug|iPhone
		Debug|iPhoneSimulator = Debug|iPhoneSimulator
		Debug|x64 = Debug|x64
		Debug|x86 = Debug|x86
		Release|Any CPU = Release|Any CPU
		Release|ARM = Release|ARM
		Release|iPhone = Release|iPhone
		Release|iPhoneSimulator = Release|iPhoneSimulator
		Release|x64 = Release|x64
		Release|x86 = Release|x86
	EndGlobalSection
	GlobalSection(ProjectConfigurationPlatforms) = postSolution
		{3D9FF08F-273A-43B5-A683-4D4C4A703319}.Ad-Hoc|Any CPU.ActiveCfg = Release|Any CPU
		{3D9FF08F-273A-43B5-A683-4D4C4A703319}.Ad-Hoc|Any CPU.Build.0 = Release|Any CPU
		{3D9FF08F-273A-43B5-A683-4D4C4A703319}.Ad-Hoc|Any CPU.Deploy.0 = Release|Any CPU
		{3D9FF08F-273A-43B5-A683-4D4C4A703319}.Ad-Hoc|ARM.ActiveCfg = Release|Any CPU
		{3D9FF08F-273A-43B5-A683-4D4C4A703319}.Ad-Hoc|ARM.Build.0 = Release|Any CPU
		{3D9FF08F-273A-43B5-A683-4D4C4A703319}.Ad-Hoc|ARM.Deploy.0 = Release|Any CPU
		{3D9FF08F-273A-43B5-A683-4D4C4A703319}.Ad-Hoc|iPhone.ActiveCfg = Release|Any CPU
		{3D9FF08F-273A-43B5-A683-4D4C4A703319}.Ad-Hoc|iPhone.Build.0 = Release|Any CPU
		{3D9FF08F-273A-43B5-A683-4D4C4A703319}.Ad-Hoc|iPhone.Deploy.0 = Release|Any CPU
		{3D9FF08F-273A-43B5-A683-4D4C4A703319}.Ad-Hoc|iPhoneSimulator.ActiveCfg = Release|Any CPU
		{3D9FF08F-273A-43B5-A683-4D4C4A703319}.Ad-Hoc|iPhoneSimulator.Build.0 = Release|Any CPU
		{3D9FF08F-273A-43B5-A683-4D4C4A703319}.Ad-Hoc|iPhoneSimulator.Deploy.0 = Release|Any CPU
		{3D9FF08F-273A-43B5-A683-4D4C4A703319}.Ad-Hoc|x64.ActiveCfg = Release|Any CPU
		{3D9FF08F-273A-43B5-A683-4D4C4A703319}.Ad-Hoc|x64.Build.0 = Release|Any CPU
		{3D9FF08F-273A-43B5-A683-4D4C4A703319}.Ad-Hoc|x64.Deploy.0 = Release|Any CPU
		{3D9FF08F-273A-43B5-A683-4D4C4A703319}.Ad-Hoc|x86.ActiveCfg = Release|Any CPU
		{3D9FF08F-273A-43B5-A683-4D4C4A703319}.Ad-Hoc|x86.Build.0 = Release|Any CPU
		{3D9FF08F-273A-43B5-A683-4D4C4A703319}.Ad-Hoc|x86.Deploy.0 = Release|Any CPU
		{3D9FF08F-273A-43B5-A683-4D4C4A703319}.AppStore|Any CPU.ActiveCfg = Release|Any CPU
		{3D9FF08F-273A-43B5-A683-4D4C4A703319}.AppStore|Any CPU.Build.0 = Release|Any CPU
		{3D9FF08F-273A-43B5-A683-4D4C4A703319}.AppStore|Any CPU.Deploy.0 = Release|Any CPU
		{3D9FF08F-273A-43B5-A683-4D4C4A703319}.AppStore|ARM.ActiveCfg = Release|Any CPU
		{3D9FF08F-273A-43B5-A683-4D4C4A703319}.AppStore|ARM.Build.0 = Release|Any CPU
		{3D9FF08F-273A-43B5-A683-4D4C4A703319}.AppStore|ARM.Deploy.0 = Release|Any CPU
		{3D9FF08F-273A-43B5-A683-4D4C4A703319}.AppStore|iPhone.ActiveCfg = Release|Any CPU
		{3D9FF08F-273A-43B5-A683-4D4C4A703319}.AppStore|iPhone.Build.0 = Release|Any CPU
		{3D9FF08F-273A-43B5-A683-4D4C4A703319}.AppStore|iPhone.Deploy.0 = Release|Any CPU
		{3D9FF08F-273A-43B5-A683-4D4C4A703319}.AppStore|iPhoneSimulator.ActiveCfg = Release|Any CPU
		{3D9FF08F-273A-43B5-A683-4D4C4A703319}.AppStore|iPhoneSimulator.Build.0 = Release|Any CPU
		{3D9FF08F-273A-43B5-A683-4D4C4A703319}.AppStore|iPhoneSimulator.Deploy.0 = Release|Any CPU
		{3D9FF08F-273A-43B5-A683-4D4C4A703319}.AppStore|x64.ActiveCfg = Release|Any CPU
		{3D9FF08F-273A-43B5-A683-4D4C4A703319}.AppStore|x64.Build.0 = Release|Any CPU
		{3D9FF08F-273A-43B5-A683-4D4C4A703319}.AppStore|x64.Deploy.0 = Release|Any CPU
		{3D9FF08F-273A-43B5-A683-4D4C4A703319}.AppStore|x86.ActiveCfg = Release|Any CPU
		{3D9FF08F-273A-43B5-A683-4D4C4A703319}.AppStore|x86.Build.0 = Release|Any CPU
		{3D9FF08F-273A-43B5-A683-4D4C4A703319}.AppStore|x86.Deploy.0 = Release|Any CPU
		{3D9FF08F-273A-43B5-A683-4D4C4A703319}.Debug|Any CPU.ActiveCfg = Debug|Any CPU
		{3D9FF08F-273A-43B5-A683-4D4C4A703319}.Debug|Any CPU.Build.0 = Debug|Any CPU
		{3D9FF08F-273A-43B5-A683-4D4C4A703319}.Debug|Any CPU.Deploy.0 = Debug|Any CPU
		{3D9FF08F-273A-43B5-A683-4D4C4A703319}.Debug|ARM.ActiveCfg = Debug|Any CPU
		{3D9FF08F-273A-43B5-A683-4D4C4A703319}.Debug|ARM.Build.0 = Debug|Any CPU
		{3D9FF08F-273A-43B5-A683-4D4C4A703319}.Debug|ARM.Deploy.0 = Debug|Any CPU
		{3D9FF08F-273A-43B5-A683-4D4C4A703319}.Debug|iPhone.ActiveCfg = Debug|Any CPU
		{3D9FF08F-273A-43B5-A683-4D4C4A703319}.Debug|iPhone.Build.0 = Debug|Any CPU
		{3D9FF08F-273A-43B5-A683-4D4C4A703319}.Debug|iPhone.Deploy.0 = Debug|Any CPU
		{3D9FF08F-273A-43B5-A683-4D4C4A703319}.Debug|iPhoneSimulator.ActiveCfg = Debug|Any CPU
		{3D9FF08F-273A-43B5-A683-4D4C4A703319}.Debug|iPhoneSimulator.Build.0 = Debug|Any CPU
		{3D9FF08F-273A-43B5-A683-4D4C4A703319}.Debug|iPhoneSimulator.Deploy.0 = Debug|Any CPU
		{3D9FF08F-273A-43B5-A683-4D4C4A703319}.Debug|x64.ActiveCfg = Debug|Any CPU
		{3D9FF08F-273A-43B5-A683-4D4C4A703319}.Debug|x64.Build.0 = Debug|Any CPU
		{3D9FF08F-273A-43B5-A683-4D4C4A703319}.Debug|x64.Deploy.0 = Debug|Any CPU
		{3D9FF08F-273A-43B5-A683-4D4C4A703319}.Debug|x86.ActiveCfg = Debug|Any CPU
		{3D9FF08F-273A-43B5-A683-4D4C4A703319}.Debug|x86.Build.0 = Debug|Any CPU
		{3D9FF08F-273A-43B5-A683-4D4C4A703319}.Debug|x86.Deploy.0 = Debug|Any CPU
		{3D9FF08F-273A-43B5-A683-4D4C4A703319}.Release|Any CPU.ActiveCfg = Release|Any CPU
		{3D9FF08F-273A-43B5-A683-4D4C4A703319}.Release|Any CPU.Build.0 = Release|Any CPU
		{3D9FF08F-273A-43B5-A683-4D4C4A703319}.Release|Any CPU.Deploy.0 = Release|Any CPU
		{3D9FF08F-273A-43B5-A683-4D4C4A703319}.Release|ARM.ActiveCfg = Release|Any CPU
		{3D9FF08F-273A-43B5-A683-4D4C4A703319}.Release|ARM.Build.0 = Release|Any CPU
		{3D9FF08F-273A-43B5-A683-4D4C4A703319}.Release|ARM.Deploy.0 = Release|Any CPU
		{3D9FF08F-273A-43B5-A683-4D4C4A703319}.Release|iPhone.ActiveCfg = Release|Any CPU
		{3D9FF08F-273A-43B5-A683-4D4C4A703319}.Release|iPhone.Build.0 = Release|Any CPU
		{3D9FF08F-273A-43B5-A683-4D4C4A703319}.Release|iPhone.Deploy.0 = Release|Any CPU
		{3D9FF08F-273A-43B5-A683-4D4C4A703319}.Release|iPhoneSimulator.ActiveCfg = Release|Any CPU
		{3D9FF08F-273A-43B5-A683-4D4C4A703319}.Release|iPhoneSimulator.Build.0 = Release|Any CPU
		{3D9FF08F-273A-43B5-A683-4D4C4A703319}.Release|iPhoneSimulator.Deploy.0 = Release|Any CPU
		{3D9FF08F-273A-43B5-A683-4D4C4A703319}.Release|x64.ActiveCfg = Release|Any CPU
		{3D9FF08F-273A-43B5-A683-4D4C4A703319}.Release|x64.Build.0 = Release|Any CPU
		{3D9FF08F-273A-43B5-A683-4D4C4A703319}.Release|x64.Deploy.0 = Release|Any CPU
		{3D9FF08F-273A-43B5-A683-4D4C4A703319}.Release|x86.ActiveCfg = Release|Any CPU
		{3D9FF08F-273A-43B5-A683-4D4C4A703319}.Release|x86.Build.0 = Release|Any CPU
		{3D9FF08F-273A-43B5-A683-4D4C4A703319}.Release|x86.Deploy.0 = Release|Any CPU
		{30373E88-DFB3-42BB-BE6A-AFCD9EF4434C}.Ad-Hoc|Any CPU.ActiveCfg = Ad-Hoc|iPhone
		{30373E88-DFB3-42BB-BE6A-AFCD9EF4434C}.Ad-Hoc|ARM.ActiveCfg = Ad-Hoc|iPhone
		{30373E88-DFB3-42BB-BE6A-AFCD9EF4434C}.Ad-Hoc|iPhone.ActiveCfg = Ad-Hoc|iPhone
		{30373E88-DFB3-42BB-BE6A-AFCD9EF4434C}.Ad-Hoc|iPhone.Build.0 = Ad-Hoc|iPhone
		{30373E88-DFB3-42BB-BE6A-AFCD9EF4434C}.Ad-Hoc|iPhoneSimulator.ActiveCfg = Ad-Hoc|iPhoneSimulator
		{30373E88-DFB3-42BB-BE6A-AFCD9EF4434C}.Ad-Hoc|iPhoneSimulator.Build.0 = Ad-Hoc|iPhoneSimulator
		{30373E88-DFB3-42BB-BE6A-AFCD9EF4434C}.Ad-Hoc|x64.ActiveCfg = Ad-Hoc|iPhone
		{30373E88-DFB3-42BB-BE6A-AFCD9EF4434C}.Ad-Hoc|x86.ActiveCfg = Ad-Hoc|iPhone
		{30373E88-DFB3-42BB-BE6A-AFCD9EF4434C}.AppStore|Any CPU.ActiveCfg = AppStore|iPhone
		{30373E88-DFB3-42BB-BE6A-AFCD9EF4434C}.AppStore|ARM.ActiveCfg = AppStore|iPhone
		{30373E88-DFB3-42BB-BE6A-AFCD9EF4434C}.AppStore|iPhone.ActiveCfg = AppStore|iPhone
		{30373E88-DFB3-42BB-BE6A-AFCD9EF4434C}.AppStore|iPhone.Build.0 = AppStore|iPhone
		{30373E88-DFB3-42BB-BE6A-AFCD9EF4434C}.AppStore|iPhoneSimulator.ActiveCfg = AppStore|iPhoneSimulator
		{30373E88-DFB3-42BB-BE6A-AFCD9EF4434C}.AppStore|iPhoneSimulator.Build.0 = AppStore|iPhoneSimulator
		{30373E88-DFB3-42BB-BE6A-AFCD9EF4434C}.AppStore|x64.ActiveCfg = AppStore|iPhone
		{30373E88-DFB3-42BB-BE6A-AFCD9EF4434C}.AppStore|x86.ActiveCfg = AppStore|iPhone
		{30373E88-DFB3-42BB-BE6A-AFCD9EF4434C}.Debug|Any CPU.ActiveCfg = Debug|iPhone
		{30373E88-DFB3-42BB-BE6A-AFCD9EF4434C}.Debug|ARM.ActiveCfg = Debug|iPhone
		{30373E88-DFB3-42BB-BE6A-AFCD9EF4434C}.Debug|iPhone.ActiveCfg = Debug|iPhone
		{30373E88-DFB3-42BB-BE6A-AFCD9EF4434C}.Debug|iPhone.Build.0 = Debug|iPhone
		{30373E88-DFB3-42BB-BE6A-AFCD9EF4434C}.Debug|iPhoneSimulator.ActiveCfg = Debug|iPhoneSimulator
		{30373E88-DFB3-42BB-BE6A-AFCD9EF4434C}.Debug|iPhoneSimulator.Build.0 = Debug|iPhoneSimulator
		{30373E88-DFB3-42BB-BE6A-AFCD9EF4434C}.Debug|x64.ActiveCfg = Debug|iPhone
		{30373E88-DFB3-42BB-BE6A-AFCD9EF4434C}.Debug|x86.ActiveCfg = Debug|iPhone
		{30373E88-DFB3-42BB-BE6A-AFCD9EF4434C}.Release|Any CPU.ActiveCfg = Release|iPhone
		{30373E88-DFB3-42BB-BE6A-AFCD9EF4434C}.Release|ARM.ActiveCfg = Release|iPhone
		{30373E88-DFB3-42BB-BE6A-AFCD9EF4434C}.Release|iPhone.ActiveCfg = Release|iPhone
		{30373E88-DFB3-42BB-BE6A-AFCD9EF4434C}.Release|iPhone.Build.0 = Release|iPhone
		{30373E88-DFB3-42BB-BE6A-AFCD9EF4434C}.Release|iPhoneSimulator.ActiveCfg = Release|iPhoneSimulator
		{30373E88-DFB3-42BB-BE6A-AFCD9EF4434C}.Release|iPhoneSimulator.Build.0 = Release|iPhoneSimulator
		{30373E88-DFB3-42BB-BE6A-AFCD9EF4434C}.Release|x64.ActiveCfg = Release|iPhone
		{30373E88-DFB3-42BB-BE6A-AFCD9EF4434C}.Release|x86.ActiveCfg = Release|iPhone
		{74478022-0954-463E-B116-EF5C4363D8E9}.Ad-Hoc|Any CPU.ActiveCfg = Release|Any CPU
		{74478022-0954-463E-B116-EF5C4363D8E9}.Ad-Hoc|Any CPU.Build.0 = Release|Any CPU
		{74478022-0954-463E-B116-EF5C4363D8E9}.Ad-Hoc|Any CPU.Deploy.0 = Release|Any CPU
		{74478022-0954-463E-B116-EF5C4363D8E9}.Ad-Hoc|ARM.ActiveCfg = Release|ARM
		{74478022-0954-463E-B116-EF5C4363D8E9}.Ad-Hoc|ARM.Build.0 = Release|ARM
		{74478022-0954-463E-B116-EF5C4363D8E9}.Ad-Hoc|ARM.Deploy.0 = Release|ARM
		{74478022-0954-463E-B116-EF5C4363D8E9}.Ad-Hoc|iPhone.ActiveCfg = Release|Any CPU
		{74478022-0954-463E-B116-EF5C4363D8E9}.Ad-Hoc|iPhone.Build.0 = Release|Any CPU
		{74478022-0954-463E-B116-EF5C4363D8E9}.Ad-Hoc|iPhone.Deploy.0 = Release|Any CPU
		{74478022-0954-463E-B116-EF5C4363D8E9}.Ad-Hoc|iPhoneSimulator.ActiveCfg = Release|Any CPU
		{74478022-0954-463E-B116-EF5C4363D8E9}.Ad-Hoc|iPhoneSimulator.Build.0 = Release|Any CPU
		{74478022-0954-463E-B116-EF5C4363D8E9}.Ad-Hoc|iPhoneSimulator.Deploy.0 = Release|Any CPU
		{74478022-0954-463E-B116-EF5C4363D8E9}.Ad-Hoc|x64.ActiveCfg = Release|Any CPU
		{74478022-0954-463E-B116-EF5C4363D8E9}.Ad-Hoc|x64.Build.0 = Release|Any CPU
		{74478022-0954-463E-B116-EF5C4363D8E9}.Ad-Hoc|x64.Deploy.0 = Release|Any CPU
		{74478022-0954-463E-B116-EF5C4363D8E9}.Ad-Hoc|x86.ActiveCfg = Release|x86
		{74478022-0954-463E-B116-EF5C4363D8E9}.Ad-Hoc|x86.Build.0 = Release|x86
		{74478022-0954-463E-B116-EF5C4363D8E9}.Ad-Hoc|x86.Deploy.0 = Release|x86
		{74478022-0954-463E-B116-EF5C4363D8E9}.AppStore|Any CPU.ActiveCfg = Release|Any CPU
		{74478022-0954-463E-B116-EF5C4363D8E9}.AppStore|Any CPU.Build.0 = Release|Any CPU
		{74478022-0954-463E-B116-EF5C4363D8E9}.AppStore|Any CPU.Deploy.0 = Release|Any CPU
		{74478022-0954-463E-B116-EF5C4363D8E9}.AppStore|ARM.ActiveCfg = Release|ARM
		{74478022-0954-463E-B116-EF5C4363D8E9}.AppStore|ARM.Build.0 = Release|ARM
		{74478022-0954-463E-B116-EF5C4363D8E9}.AppStore|ARM.Deploy.0 = Release|ARM
		{74478022-0954-463E-B116-EF5C4363D8E9}.AppStore|iPhone.ActiveCfg = Release|Any CPU
		{74478022-0954-463E-B116-EF5C4363D8E9}.AppStore|iPhone.Build.0 = Release|Any CPU
		{74478022-0954-463E-B116-EF5C4363D8E9}.AppStore|iPhone.Deploy.0 = Release|Any CPU
		{74478022-0954-463E-B116-EF5C4363D8E9}.AppStore|iPhoneSimulator.ActiveCfg = Release|Any CPU
		{74478022-0954-463E-B116-EF5C4363D8E9}.AppStore|iPhoneSimulator.Build.0 = Release|Any CPU
		{74478022-0954-463E-B116-EF5C4363D8E9}.AppStore|iPhoneSimulator.Deploy.0 = Release|Any CPU
		{74478022-0954-463E-B116-EF5C4363D8E9}.AppStore|x64.ActiveCfg = Release|Any CPU
		{74478022-0954-463E-B116-EF5C4363D8E9}.AppStore|x64.Build.0 = Release|Any CPU
		{74478022-0954-463E-B116-EF5C4363D8E9}.AppStore|x64.Deploy.0 = Release|Any CPU
		{74478022-0954-463E-B116-EF5C4363D8E9}.AppStore|x86.ActiveCfg = Release|x86
		{74478022-0954-463E-B116-EF5C4363D8E9}.AppStore|x86.Build.0 = Release|x86
		{74478022-0954-463E-B116-EF5C4363D8E9}.AppStore|x86.Deploy.0 = Release|x86
		{74478022-0954-463E-B116-EF5C4363D8E9}.Debug|Any CPU.ActiveCfg = Debug|Any CPU
		{74478022-0954-463E-B116-EF5C4363D8E9}.Debug|Any CPU.Build.0 = Debug|Any CPU
		{74478022-0954-463E-B116-EF5C4363D8E9}.Debug|Any CPU.Deploy.0 = Debug|Any CPU
		{74478022-0954-463E-B116-EF5C4363D8E9}.Debug|ARM.ActiveCfg = Debug|ARM
		{74478022-0954-463E-B116-EF5C4363D8E9}.Debug|ARM.Build.0 = Debug|ARM
		{74478022-0954-463E-B116-EF5C4363D8E9}.Debug|ARM.Deploy.0 = Debug|ARM
		{74478022-0954-463E-B116-EF5C4363D8E9}.Debug|iPhone.ActiveCfg = Debug|Any CPU
		{74478022-0954-463E-B116-EF5C4363D8E9}.Debug|iPhone.Build.0 = Debug|Any CPU
		{74478022-0954-463E-B116-EF5C4363D8E9}.Debug|iPhone.Deploy.0 = Debug|Any CPU
		{74478022-0954-463E-B116-EF5C4363D8E9}.Debug|iPhoneSimulator.ActiveCfg = Debug|Any CPU
		{74478022-0954-463E-B116-EF5C4363D8E9}.Debug|iPhoneSimulator.Build.0 = Debug|Any CPU
		{74478022-0954-463E-B116-EF5C4363D8E9}.Debug|iPhoneSimulator.Deploy.0 = Debug|Any CPU
		{74478022-0954-463E-B116-EF5C4363D8E9}.Debug|x64.ActiveCfg = Debug|Any CPU
		{74478022-0954-463E-B116-EF5C4363D8E9}.Debug|x64.Build.0 = Debug|Any CPU
		{74478022-0954-463E-B116-EF5C4363D8E9}.Debug|x64.Deploy.0 = Debug|Any CPU
		{74478022-0954-463E-B116-EF5C4363D8E9}.Debug|x86.ActiveCfg = Debug|x86
		{74478022-0954-463E-B116-EF5C4363D8E9}.Debug|x86.Build.0 = Debug|x86
		{74478022-0954-463E-B116-EF5C4363D8E9}.Debug|x86.Deploy.0 = Debug|x86
		{74478022-0954-463E-B116-EF5C4363D8E9}.Release|Any CPU.ActiveCfg = Release|Any CPU
		{74478022-0954-463E-B116-EF5C4363D8E9}.Release|Any CPU.Build.0 = Release|Any CPU
		{74478022-0954-463E-B116-EF5C4363D8E9}.Release|Any CPU.Deploy.0 = Release|Any CPU
		{74478022-0954-463E-B116-EF5C4363D8E9}.Release|ARM.ActiveCfg = Release|ARM
		{74478022-0954-463E-B116-EF5C4363D8E9}.Release|ARM.Build.0 = Release|ARM
		{74478022-0954-463E-B116-EF5C4363D8E9}.Release|ARM.Deploy.0 = Release|ARM
		{74478022-0954-463E-B116-EF5C4363D8E9}.Release|iPhone.ActiveCfg = Release|Any CPU
		{74478022-0954-463E-B116-EF5C4363D8E9}.Release|iPhone.Build.0 = Release|Any CPU
		{74478022-0954-463E-B116-EF5C4363D8E9}.Release|iPhone.Deploy.0 = Release|Any CPU
		{74478022-0954-463E-B116-EF5C4363D8E9}.Release|iPhoneSimulator.ActiveCfg = Release|Any CPU
		{74478022-0954-463E-B116-EF5C4363D8E9}.Release|iPhoneSimulator.Build.0 = Release|Any CPU
		{74478022-0954-463E-B116-EF5C4363D8E9}.Release|iPhoneSimulator.Deploy.0 = Release|Any CPU
		{74478022-0954-463E-B116-EF5C4363D8E9}.Release|x64.ActiveCfg = Release|Any CPU
		{74478022-0954-463E-B116-EF5C4363D8E9}.Release|x64.Build.0 = Release|Any CPU
		{74478022-0954-463E-B116-EF5C4363D8E9}.Release|x64.Deploy.0 = Release|Any CPU
		{74478022-0954-463E-B116-EF5C4363D8E9}.Release|x86.ActiveCfg = Release|x86
		{74478022-0954-463E-B116-EF5C4363D8E9}.Release|x86.Build.0 = Release|x86
		{74478022-0954-463E-B116-EF5C4363D8E9}.Release|x86.Deploy.0 = Release|x86
		{97C40EBF-CFE6-498B-A207-292491239993}.Ad-Hoc|Any CPU.ActiveCfg = Release|x86
		{97C40EBF-CFE6-498B-A207-292491239993}.Ad-Hoc|Any CPU.Build.0 = Release|x86
		{97C40EBF-CFE6-498B-A207-292491239993}.Ad-Hoc|Any CPU.Deploy.0 = Release|x86
		{97C40EBF-CFE6-498B-A207-292491239993}.Ad-Hoc|ARM.ActiveCfg = Release|ARM
		{97C40EBF-CFE6-498B-A207-292491239993}.Ad-Hoc|ARM.Build.0 = Release|ARM
		{97C40EBF-CFE6-498B-A207-292491239993}.Ad-Hoc|ARM.Deploy.0 = Release|ARM
		{97C40EBF-CFE6-498B-A207-292491239993}.Ad-Hoc|iPhone.ActiveCfg = Release|x86
		{97C40EBF-CFE6-498B-A207-292491239993}.Ad-Hoc|iPhone.Build.0 = Release|x86
		{97C40EBF-CFE6-498B-A207-292491239993}.Ad-Hoc|iPhone.Deploy.0 = Release|x86
		{97C40EBF-CFE6-498B-A207-292491239993}.Ad-Hoc|iPhoneSimulator.ActiveCfg = Release|x86
		{97C40EBF-CFE6-498B-A207-292491239993}.Ad-Hoc|iPhoneSimulator.Build.0 = Release|x86
		{97C40EBF-CFE6-498B-A207-292491239993}.Ad-Hoc|iPhoneSimulator.Deploy.0 = Release|x86
		{97C40EBF-CFE6-498B-A207-292491239993}.Ad-Hoc|x64.ActiveCfg = Release|x64
		{97C40EBF-CFE6-498B-A207-292491239993}.Ad-Hoc|x64.Build.0 = Release|x64
		{97C40EBF-CFE6-498B-A207-292491239993}.Ad-Hoc|x64.Deploy.0 = Release|x64
		{97C40EBF-CFE6-498B-A207-292491239993}.Ad-Hoc|x86.ActiveCfg = Release|x86
		{97C40EBF-CFE6-498B-A207-292491239993}.Ad-Hoc|x86.Build.0 = Release|x86
		{97C40EBF-CFE6-498B-A207-292491239993}.Ad-Hoc|x86.Deploy.0 = Release|x86
		{97C40EBF-CFE6-498B-A207-292491239993}.AppStore|Any CPU.ActiveCfg = Release|x86
		{97C40EBF-CFE6-498B-A207-292491239993}.AppStore|Any CPU.Build.0 = Release|x86
		{97C40EBF-CFE6-498B-A207-292491239993}.AppStore|Any CPU.Deploy.0 = Release|x86
		{97C40EBF-CFE6-498B-A207-292491239993}.AppStore|ARM.ActiveCfg = Release|ARM
		{97C40EBF-CFE6-498B-A207-292491239993}.AppStore|ARM.Build.0 = Release|ARM
		{97C40EBF-CFE6-498B-A207-292491239993}.AppStore|ARM.Deploy.0 = Release|ARM
		{97C40EBF-CFE6-498B-A207-292491239993}.AppStore|iPhone.ActiveCfg = Release|x86
		{97C40EBF-CFE6-498B-A207-292491239993}.AppStore|iPhone.Build.0 = Release|x86
		{97C40EBF-CFE6-498B-A207-292491239993}.AppStore|iPhone.Deploy.0 = Release|x86
		{97C40EBF-CFE6-498B-A207-292491239993}.AppStore|iPhoneSimulator.ActiveCfg = Release|x86
		{97C40EBF-CFE6-498B-A207-292491239993}.AppStore|iPhoneSimulator.Build.0 = Release|x86
		{97C40EBF-CFE6-498B-A207-292491239993}.AppStore|iPhoneSimulator.Deploy.0 = Release|x86
		{97C40EBF-CFE6-498B-A207-292491239993}.AppStore|x64.ActiveCfg = Release|x64
		{97C40EBF-CFE6-498B-A207-292491239993}.AppStore|x64.Build.0 = Release|x64
		{97C40EBF-CFE6-498B-A207-292491239993}.AppStore|x64.Deploy.0 = Release|x64
		{97C40EBF-CFE6-498B-A207-292491239993}.AppStore|x86.ActiveCfg = Release|x86
		{97C40EBF-CFE6-498B-A207-292491239993}.AppStore|x86.Build.0 = Release|x86
		{97C40EBF-CFE6-498B-A207-292491239993}.AppStore|x86.Deploy.0 = Release|x86
		{97C40EBF-CFE6-498B-A207-292491239993}.Debug|Any CPU.ActiveCfg = Debug|x86
		{97C40EBF-CFE6-498B-A207-292491239993}.Debug|ARM.ActiveCfg = Debug|ARM
		{97C40EBF-CFE6-498B-A207-292491239993}.Debug|ARM.Build.0 = Debug|ARM
		{97C40EBF-CFE6-498B-A207-292491239993}.Debug|ARM.Deploy.0 = Debug|ARM
		{97C40EBF-CFE6-498B-A207-292491239993}.Debug|iPhone.ActiveCfg = Debug|x86
		{97C40EBF-CFE6-498B-A207-292491239993}.Debug|iPhoneSimulator.ActiveCfg = Debug|x86
		{97C40EBF-CFE6-498B-A207-292491239993}.Debug|x64.ActiveCfg = Debug|x64
		{97C40EBF-CFE6-498B-A207-292491239993}.Debug|x64.Build.0 = Debug|x64
		{97C40EBF-CFE6-498B-A207-292491239993}.Debug|x64.Deploy.0 = Debug|x64
		{97C40EBF-CFE6-498B-A207-292491239993}.Debug|x86.ActiveCfg = Debug|x86
		{97C40EBF-CFE6-498B-A207-292491239993}.Debug|x86.Build.0 = Debug|x86
		{97C40EBF-CFE6-498B-A207-292491239993}.Debug|x86.Deploy.0 = Debug|x86
		{97C40EBF-CFE6-498B-A207-292491239993}.Release|Any CPU.ActiveCfg = Release|x86
		{97C40EBF-CFE6-498B-A207-292491239993}.Release|ARM.ActiveCfg = Release|ARM
		{97C40EBF-CFE6-498B-A207-292491239993}.Release|ARM.Build.0 = Release|ARM
		{97C40EBF-CFE6-498B-A207-292491239993}.Release|ARM.Deploy.0 = Release|ARM
		{97C40EBF-CFE6-498B-A207-292491239993}.Release|iPhone.ActiveCfg = Release|x86
		{97C40EBF-CFE6-498B-A207-292491239993}.Release|iPhoneSimulator.ActiveCfg = Release|x86
		{97C40EBF-CFE6-498B-A207-292491239993}.Release|x64.ActiveCfg = Release|x64
		{97C40EBF-CFE6-498B-A207-292491239993}.Release|x64.Build.0 = Release|x64
		{97C40EBF-CFE6-498B-A207-292491239993}.Release|x64.Deploy.0 = Release|x64
		{97C40EBF-CFE6-498B-A207-292491239993}.Release|x86.ActiveCfg = Release|x86
		{97C40EBF-CFE6-498B-A207-292491239993}.Release|x86.Build.0 = Release|x86
		{97C40EBF-CFE6-498B-A207-292491239993}.Release|x86.Deploy.0 = Release|x86
		{CFB37B09-9F2A-41C0-9902-E4291AF4B2A5}.Ad-Hoc|Any CPU.ActiveCfg = Release|Any CPU
		{CFB37B09-9F2A-41C0-9902-E4291AF4B2A5}.Ad-Hoc|Any CPU.Build.0 = Release|Any CPU
		{CFB37B09-9F2A-41C0-9902-E4291AF4B2A5}.Ad-Hoc|Any CPU.Deploy.0 = Release|Any CPU
		{CFB37B09-9F2A-41C0-9902-E4291AF4B2A5}.Ad-Hoc|ARM.ActiveCfg = Release|ARM
		{CFB37B09-9F2A-41C0-9902-E4291AF4B2A5}.Ad-Hoc|ARM.Build.0 = Release|ARM
		{CFB37B09-9F2A-41C0-9902-E4291AF4B2A5}.Ad-Hoc|ARM.Deploy.0 = Release|ARM
		{CFB37B09-9F2A-41C0-9902-E4291AF4B2A5}.Ad-Hoc|iPhone.ActiveCfg = Release|Any CPU
		{CFB37B09-9F2A-41C0-9902-E4291AF4B2A5}.Ad-Hoc|iPhone.Build.0 = Release|Any CPU
		{CFB37B09-9F2A-41C0-9902-E4291AF4B2A5}.Ad-Hoc|iPhone.Deploy.0 = Release|Any CPU
		{CFB37B09-9F2A-41C0-9902-E4291AF4B2A5}.Ad-Hoc|iPhoneSimulator.ActiveCfg = Release|Any CPU
		{CFB37B09-9F2A-41C0-9902-E4291AF4B2A5}.Ad-Hoc|iPhoneSimulator.Build.0 = Release|Any CPU
		{CFB37B09-9F2A-41C0-9902-E4291AF4B2A5}.Ad-Hoc|iPhoneSimulator.Deploy.0 = Release|Any CPU
		{CFB37B09-9F2A-41C0-9902-E4291AF4B2A5}.Ad-Hoc|x64.ActiveCfg = Release|x64
		{CFB37B09-9F2A-41C0-9902-E4291AF4B2A5}.Ad-Hoc|x64.Build.0 = Release|x64
		{CFB37B09-9F2A-41C0-9902-E4291AF4B2A5}.Ad-Hoc|x64.Deploy.0 = Release|x64
		{CFB37B09-9F2A-41C0-9902-E4291AF4B2A5}.Ad-Hoc|x86.ActiveCfg = Release|x86
		{CFB37B09-9F2A-41C0-9902-E4291AF4B2A5}.Ad-Hoc|x86.Build.0 = Release|x86
		{CFB37B09-9F2A-41C0-9902-E4291AF4B2A5}.Ad-Hoc|x86.Deploy.0 = Release|x86
		{CFB37B09-9F2A-41C0-9902-E4291AF4B2A5}.AppStore|Any CPU.ActiveCfg = Release|Any CPU
		{CFB37B09-9F2A-41C0-9902-E4291AF4B2A5}.AppStore|Any CPU.Build.0 = Release|Any CPU
		{CFB37B09-9F2A-41C0-9902-E4291AF4B2A5}.AppStore|Any CPU.Deploy.0 = Release|Any CPU
		{CFB37B09-9F2A-41C0-9902-E4291AF4B2A5}.AppStore|ARM.ActiveCfg = Release|ARM
		{CFB37B09-9F2A-41C0-9902-E4291AF4B2A5}.AppStore|ARM.Build.0 = Release|ARM
		{CFB37B09-9F2A-41C0-9902-E4291AF4B2A5}.AppStore|ARM.Deploy.0 = Release|ARM
		{CFB37B09-9F2A-41C0-9902-E4291AF4B2A5}.AppStore|iPhone.ActiveCfg = Release|Any CPU
		{CFB37B09-9F2A-41C0-9902-E4291AF4B2A5}.AppStore|iPhone.Build.0 = Release|Any CPU
		{CFB37B09-9F2A-41C0-9902-E4291AF4B2A5}.AppStore|iPhone.Deploy.0 = Release|Any CPU
		{CFB37B09-9F2A-41C0-9902-E4291AF4B2A5}.AppStore|iPhoneSimulator.ActiveCfg = Release|Any CPU
		{CFB37B09-9F2A-41C0-9902-E4291AF4B2A5}.AppStore|iPhoneSimulator.Build.0 = Release|Any CPU
		{CFB37B09-9F2A-41C0-9902-E4291AF4B2A5}.AppStore|iPhoneSimulator.Deploy.0 = Release|Any CPU
		{CFB37B09-9F2A-41C0-9902-E4291AF4B2A5}.AppStore|x64.ActiveCfg = Release|x64
		{CFB37B09-9F2A-41C0-9902-E4291AF4B2A5}.AppStore|x64.Build.0 = Release|x64
		{CFB37B09-9F2A-41C0-9902-E4291AF4B2A5}.AppStore|x64.Deploy.0 = Release|x64
		{CFB37B09-9F2A-41C0-9902-E4291AF4B2A5}.AppStore|x86.ActiveCfg = Release|x86
		{CFB37B09-9F2A-41C0-9902-E4291AF4B2A5}.AppStore|x86.Build.0 = Release|x86
		{CFB37B09-9F2A-41C0-9902-E4291AF4B2A5}.AppStore|x86.Deploy.0 = Release|x86
		{CFB37B09-9F2A-41C0-9902-E4291AF4B2A5}.Debug|Any CPU.ActiveCfg = Debug|Any CPU
		{CFB37B09-9F2A-41C0-9902-E4291AF4B2A5}.Debug|Any CPU.Build.0 = Debug|Any CPU
		{CFB37B09-9F2A-41C0-9902-E4291AF4B2A5}.Debug|Any CPU.Deploy.0 = Debug|Any CPU
		{CFB37B09-9F2A-41C0-9902-E4291AF4B2A5}.Debug|ARM.ActiveCfg = Debug|ARM
		{CFB37B09-9F2A-41C0-9902-E4291AF4B2A5}.Debug|ARM.Build.0 = Debug|ARM
		{CFB37B09-9F2A-41C0-9902-E4291AF4B2A5}.Debug|ARM.Deploy.0 = Debug|ARM
		{CFB37B09-9F2A-41C0-9902-E4291AF4B2A5}.Debug|iPhone.ActiveCfg = Debug|Any CPU
		{CFB37B09-9F2A-41C0-9902-E4291AF4B2A5}.Debug|iPhone.Build.0 = Debug|Any CPU
		{CFB37B09-9F2A-41C0-9902-E4291AF4B2A5}.Debug|iPhone.Deploy.0 = Debug|Any CPU
		{CFB37B09-9F2A-41C0-9902-E4291AF4B2A5}.Debug|iPhoneSimulator.ActiveCfg = Debug|Any CPU
		{CFB37B09-9F2A-41C0-9902-E4291AF4B2A5}.Debug|iPhoneSimulator.Build.0 = Debug|Any CPU
		{CFB37B09-9F2A-41C0-9902-E4291AF4B2A5}.Debug|iPhoneSimulator.Deploy.0 = Debug|Any CPU
		{CFB37B09-9F2A-41C0-9902-E4291AF4B2A5}.Debug|x64.ActiveCfg = Debug|x64
		{CFB37B09-9F2A-41C0-9902-E4291AF4B2A5}.Debug|x64.Build.0 = Debug|x64
		{CFB37B09-9F2A-41C0-9902-E4291AF4B2A5}.Debug|x64.Deploy.0 = Debug|x64
		{CFB37B09-9F2A-41C0-9902-E4291AF4B2A5}.Debug|x86.ActiveCfg = Debug|x86
		{CFB37B09-9F2A-41C0-9902-E4291AF4B2A5}.Debug|x86.Build.0 = Debug|x86
		{CFB37B09-9F2A-41C0-9902-E4291AF4B2A5}.Debug|x86.Deploy.0 = Debug|x86
		{CFB37B09-9F2A-41C0-9902-E4291AF4B2A5}.Release|Any CPU.ActiveCfg = Release|Any CPU
		{CFB37B09-9F2A-41C0-9902-E4291AF4B2A5}.Release|Any CPU.Build.0 = Release|Any CPU
		{CFB37B09-9F2A-41C0-9902-E4291AF4B2A5}.Release|Any CPU.Deploy.0 = Release|Any CPU
		{CFB37B09-9F2A-41C0-9902-E4291AF4B2A5}.Release|ARM.ActiveCfg = Release|ARM
		{CFB37B09-9F2A-41C0-9902-E4291AF4B2A5}.Release|ARM.Build.0 = Release|ARM
		{CFB37B09-9F2A-41C0-9902-E4291AF4B2A5}.Release|ARM.Deploy.0 = Release|ARM
		{CFB37B09-9F2A-41C0-9902-E4291AF4B2A5}.Release|iPhone.ActiveCfg = Release|Any CPU
		{CFB37B09-9F2A-41C0-9902-E4291AF4B2A5}.Release|iPhone.Build.0 = Release|Any CPU
		{CFB37B09-9F2A-41C0-9902-E4291AF4B2A5}.Release|iPhone.Deploy.0 = Release|Any CPU
		{CFB37B09-9F2A-41C0-9902-E4291AF4B2A5}.Release|iPhoneSimulator.ActiveCfg = Release|Any CPU
		{CFB37B09-9F2A-41C0-9902-E4291AF4B2A5}.Release|iPhoneSimulator.Build.0 = Release|Any CPU
		{CFB37B09-9F2A-41C0-9902-E4291AF4B2A5}.Release|iPhoneSimulator.Deploy.0 = Release|Any CPU
		{CFB37B09-9F2A-41C0-9902-E4291AF4B2A5}.Release|x64.ActiveCfg = Release|x64
		{CFB37B09-9F2A-41C0-9902-E4291AF4B2A5}.Release|x64.Build.0 = Release|x64
		{CFB37B09-9F2A-41C0-9902-E4291AF4B2A5}.Release|x64.Deploy.0 = Release|x64
		{CFB37B09-9F2A-41C0-9902-E4291AF4B2A5}.Release|x86.ActiveCfg = Release|x86
		{CFB37B09-9F2A-41C0-9902-E4291AF4B2A5}.Release|x86.Build.0 = Release|x86
		{CFB37B09-9F2A-41C0-9902-E4291AF4B2A5}.Release|x86.Deploy.0 = Release|x86
		{53D18D8D-9447-45C9-886D-B1E45CC925C5}.Ad-Hoc|Any CPU.ActiveCfg = Release|Any CPU
		{53D18D8D-9447-45C9-886D-B1E45CC925C5}.Ad-Hoc|Any CPU.Build.0 = Release|Any CPU
		{53D18D8D-9447-45C9-886D-B1E45CC925C5}.Ad-Hoc|ARM.ActiveCfg = Release|Any CPU
		{53D18D8D-9447-45C9-886D-B1E45CC925C5}.Ad-Hoc|ARM.Build.0 = Release|Any CPU
		{53D18D8D-9447-45C9-886D-B1E45CC925C5}.Ad-Hoc|iPhone.ActiveCfg = Release|Any CPU
		{53D18D8D-9447-45C9-886D-B1E45CC925C5}.Ad-Hoc|iPhone.Build.0 = Release|Any CPU
		{53D18D8D-9447-45C9-886D-B1E45CC925C5}.Ad-Hoc|iPhoneSimulator.ActiveCfg = Release|Any CPU
		{53D18D8D-9447-45C9-886D-B1E45CC925C5}.Ad-Hoc|iPhoneSimulator.Build.0 = Release|Any CPU
		{53D18D8D-9447-45C9-886D-B1E45CC925C5}.Ad-Hoc|x64.ActiveCfg = Release|Any CPU
		{53D18D8D-9447-45C9-886D-B1E45CC925C5}.Ad-Hoc|x64.Build.0 = Release|Any CPU
		{53D18D8D-9447-45C9-886D-B1E45CC925C5}.Ad-Hoc|x86.ActiveCfg = Release|Any CPU
		{53D18D8D-9447-45C9-886D-B1E45CC925C5}.Ad-Hoc|x86.Build.0 = Release|Any CPU
		{53D18D8D-9447-45C9-886D-B1E45CC925C5}.AppStore|Any CPU.ActiveCfg = Release|Any CPU
		{53D18D8D-9447-45C9-886D-B1E45CC925C5}.AppStore|Any CPU.Build.0 = Release|Any CPU
		{53D18D8D-9447-45C9-886D-B1E45CC925C5}.AppStore|ARM.ActiveCfg = Release|Any CPU
		{53D18D8D-9447-45C9-886D-B1E45CC925C5}.AppStore|ARM.Build.0 = Release|Any CPU
		{53D18D8D-9447-45C9-886D-B1E45CC925C5}.AppStore|iPhone.ActiveCfg = Release|Any CPU
		{53D18D8D-9447-45C9-886D-B1E45CC925C5}.AppStore|iPhone.Build.0 = Release|Any CPU
		{53D18D8D-9447-45C9-886D-B1E45CC925C5}.AppStore|iPhoneSimulator.ActiveCfg = Release|Any CPU
		{53D18D8D-9447-45C9-886D-B1E45CC925C5}.AppStore|iPhoneSimulator.Build.0 = Release|Any CPU
		{53D18D8D-9447-45C9-886D-B1E45CC925C5}.AppStore|x64.ActiveCfg = Release|Any CPU
		{53D18D8D-9447-45C9-886D-B1E45CC925C5}.AppStore|x64.Build.0 = Release|Any CPU
		{53D18D8D-9447-45C9-886D-B1E45CC925C5}.AppStore|x86.ActiveCfg = Release|Any CPU
		{53D18D8D-9447-45C9-886D-B1E45CC925C5}.AppStore|x86.Build.0 = Release|Any CPU
		{53D18D8D-9447-45C9-886D-B1E45CC925C5}.Debug|Any CPU.ActiveCfg = Debug|Any CPU
		{53D18D8D-9447-45C9-886D-B1E45CC925C5}.Debug|Any CPU.Build.0 = Debug|Any CPU
		{53D18D8D-9447-45C9-886D-B1E45CC925C5}.Debug|ARM.ActiveCfg = Debug|Any CPU
		{53D18D8D-9447-45C9-886D-B1E45CC925C5}.Debug|ARM.Build.0 = Debug|Any CPU
		{53D18D8D-9447-45C9-886D-B1E45CC925C5}.Debug|iPhone.ActiveCfg = Debug|Any CPU
		{53D18D8D-9447-45C9-886D-B1E45CC925C5}.Debug|iPhone.Build.0 = Debug|Any CPU
		{53D18D8D-9447-45C9-886D-B1E45CC925C5}.Debug|iPhoneSimulator.ActiveCfg = Debug|Any CPU
		{53D18D8D-9447-45C9-886D-B1E45CC925C5}.Debug|iPhoneSimulator.Build.0 = Debug|Any CPU
		{53D18D8D-9447-45C9-886D-B1E45CC925C5}.Debug|x64.ActiveCfg = Debug|Any CPU
		{53D18D8D-9447-45C9-886D-B1E45CC925C5}.Debug|x64.Build.0 = Debug|Any CPU
		{53D18D8D-9447-45C9-886D-B1E45CC925C5}.Debug|x86.ActiveCfg = Debug|Any CPU
		{53D18D8D-9447-45C9-886D-B1E45CC925C5}.Debug|x86.Build.0 = Debug|Any CPU
		{53D18D8D-9447-45C9-886D-B1E45CC925C5}.Release|Any CPU.ActiveCfg = Release|Any CPU
		{53D18D8D-9447-45C9-886D-B1E45CC925C5}.Release|Any CPU.Build.0 = Release|Any CPU
		{53D18D8D-9447-45C9-886D-B1E45CC925C5}.Release|ARM.ActiveCfg = Release|Any CPU
		{53D18D8D-9447-45C9-886D-B1E45CC925C5}.Release|ARM.Build.0 = Release|Any CPU
		{53D18D8D-9447-45C9-886D-B1E45CC925C5}.Release|iPhone.ActiveCfg = Release|Any CPU
		{53D18D8D-9447-45C9-886D-B1E45CC925C5}.Release|iPhone.Build.0 = Release|Any CPU
		{53D18D8D-9447-45C9-886D-B1E45CC925C5}.Release|iPhoneSimulator.ActiveCfg = Release|Any CPU
		{53D18D8D-9447-45C9-886D-B1E45CC925C5}.Release|iPhoneSimulator.Build.0 = Release|Any CPU
		{53D18D8D-9447-45C9-886D-B1E45CC925C5}.Release|x64.ActiveCfg = Release|Any CPU
		{53D18D8D-9447-45C9-886D-B1E45CC925C5}.Release|x64.Build.0 = Release|Any CPU
		{53D18D8D-9447-45C9-886D-B1E45CC925C5}.Release|x86.ActiveCfg = Release|Any CPU
		{53D18D8D-9447-45C9-886D-B1E45CC925C5}.Release|x86.Build.0 = Release|Any CPU
	EndGlobalSection
	GlobalSection(SolutionProperties) = preSolution
		HideSolutionNode = FALSE
	EndGlobalSection
EndGlobal
